
Microsoft Visual Studio Solution File, Format Version 12.00
# Visual Studio Version 17
VisualStudioVersion = 17.8.34525.116
MinimumVisualStudioVersion = 10.0.40219.1
Project("{FAE04EC0-301F-11D3-BF4B-00C04F79EFBC}") = "EcoNetProject", "EcoNetProject\EcoNetProject.csproj", "{7050C21D-4C75-4AC9-B4FF-D88F895439B5}"
EndProject
Global
	GlobalSection(SolutionConfigurationPlatforms) = preSolution
		Debug|Any CPU = Debug|Any CPU
		Release|Any CPU = Release|Any CPU
	EndGlobalSection
	GlobalSection(ProjectConfigurationPlatforms) = postSolution
		{7050C21D-4C75-4AC9-B4FF-D88F895439B5}.Debug|Any CPU.ActiveCfg = Debug|Any CPU
		{7050C21D-4C75-4AC9-B4FF-D88F895439B5}.Debug|Any CPU.Build.0 = Debug|Any CPU
		{7050C21D-4C75-4AC9-B4FF-D88F895439B5}.Release|Any CPU.ActiveCfg = Release|Any CPU
		{7050C21D-4C75-4AC9-B4FF-D88F895439B5}.Release|Any CPU.Build.0 = Release|Any CPU
	EndGlobalSection
	GlobalSection(SolutionProperties) = preSolution
		HideSolutionNode = FALSE
	EndGlobalSection
	GlobalSection(ExtensibilityGlobals) = postSolution
		SolutionGuid = {2C52B594-8A57-4B5F-B30D-EA9BC238EB19}
	EndGlobalSection
EndGlobal
